
Microsoft Visual Studio Solution File, Format Version 12.00
# Visual Studio Version 16
VisualStudioVersion = 16.0.31911.196
MinimumVisualStudioVersion = 10.0.40219.1
Project("{FAE04EC0-301F-11D3-BF4B-00C04F79EFBC}") = "helloworld", "helloworld\helloworld.csproj", "{EE4820DF-752B-4631-895A-D5402106BE5E}"
EndProject
Global
	GlobalSection(SolutionConfigurationPlatforms) = preSolution
		Debug|Any CPU = Debug|Any CPU
		Release|Any CPU = Release|Any CPU
	EndGlobalSection
	GlobalSection(ProjectConfigurationPlatforms) = postSolution
		{EE4820DF-752B-4631-895A-D5402106BE5E}.Debug|Any CPU.ActiveCfg = Debug|Any CPU
		{EE4820DF-752B-4631-895A-D5402106BE5E}.Debug|Any CPU.Build.0 = Debug|Any CPU
		{EE4820DF-752B-4631-895A-D5402106BE5E}.Release|Any CPU.ActiveCfg = Release|Any CPU
		{EE4820DF-752B-4631-895A-D5402106BE5E}.Release|Any CPU.Build.0 = Release|Any CPU
	EndGlobalSection
	GlobalSection(SolutionProperties) = preSolution
		HideSolutionNode = FALSE
	EndGlobalSection
	GlobalSection(ExtensibilityGlobals) = postSolution
		SolutionGuid = {12DDEA06-1AF8-4B2F-B6B5-24B016A5527C}
	EndGlobalSection
EndGlobal
